
Microsoft Visual Studio Solution File, Format Version 12.00
# Visual Studio 14
VisualStudioVersion = 14.0.25420.1
MinimumVisualStudioVersion = 10.0.40219.1
Project("{2150E333-8FDC-42A3-9474-1A3956D46DE8}") = "Solution Items", "Solution Items", "{4DFDE5EC-FE7E-4114-80C0-8140E939153D}"
	ProjectSection(SolutionItems) = preProject
		build.cake = build.cake
		global.json = global.json
	EndProjectSection
EndProject
Project("{2150E333-8FDC-42A3-9474-1A3956D46DE8}") = "src", "src", "{2164472C-593D-4A0E-9931-02BF34257947}"
EndProject
Project("{2150E333-8FDC-42A3-9474-1A3956D46DE8}") = "samples", "samples", "{85052220-6EC8-4B98-8B3B-CF98B052B8B3}"
EndProject
Project("{FAE04EC0-301F-11D3-BF4B-00C04F79EFBC}") = "JavaScriptViewEngine", "src\JavaScriptViewEngine\JavaScriptViewEngine.csproj", "{54D2012C-4BBB-4CB8-94D0-0294108B3D5C}"
EndProject
Project("{FAE04EC0-301F-11D3-BF4B-00C04F79EFBC}") = "Samples.MvcCore", "samples\Samples.MvcCore\Samples.MvcCore.csproj", "{4746E760-3FA3-4758-8DB9-A14268015736}"
EndProject
Global
	GlobalSection(SolutionConfigurationPlatforms) = preSolution
		Debug|Any CPU = Debug|Any CPU
		Release|Any CPU = Release|Any CPU
	EndGlobalSection
	GlobalSection(ProjectConfigurationPlatforms) = postSolution
		{54D2012C-4BBB-4CB8-94D0-0294108B3D5C}.Debug|Any CPU.ActiveCfg = Debug|Any CPU
		{54D2012C-4BBB-4CB8-94D0-0294108B3D5C}.Debug|Any CPU.Build.0 = Debug|Any CPU
		{54D2012C-4BBB-4CB8-94D0-0294108B3D5C}.Release|Any CPU.ActiveCfg = Release|Any CPU
		{54D2012C-4BBB-4CB8-94D0-0294108B3D5C}.Release|Any CPU.Build.0 = Release|Any CPU
		{4746E760-3FA3-4758-8DB9-A14268015736}.Debug|Any CPU.ActiveCfg = Debug|Any CPU
		{4746E760-3FA3-4758-8DB9-A14268015736}.Debug|Any CPU.Build.0 = Debug|Any CPU
		{4746E760-3FA3-4758-8DB9-A14268015736}.Release|Any CPU.ActiveCfg = Release|Any CPU
		{4746E760-3FA3-4758-8DB9-A14268015736}.Release|Any CPU.Build.0 = Release|Any CPU
	EndGlobalSection
	GlobalSection(SolutionProperties) = preSolution
		HideSolutionNode = FALSE
	EndGlobalSection
	GlobalSection(NestedProjects) = preSolution
		{54D2012C-4BBB-4CB8-94D0-0294108B3D5C} = {2164472C-593D-4A0E-9931-02BF34257947}
		{4746E760-3FA3-4758-8DB9-A14268015736} = {85052220-6EC8-4B98-8B3B-CF98B052B8B3}
	EndGlobalSection
EndGlobal
