
Microsoft Visual Studio Solution File, Format Version 12.00
# Visual Studio 15
VisualStudioVersion = 15.0.26206.0
MinimumVisualStudioVersion = 10.0.40219.1
Project("{2150E333-8FDC-42A3-9474-1A3956D46DE8}") = "Solution Items", "Solution Items", "{4DFDE5EC-FE7E-4114-80C0-8140E939153D}"
	ProjectSection(SolutionItems) = preProject
		build.cake = build.cake
		global.json = global.json
	EndProjectSection
EndProject
Project("{2150E333-8FDC-42A3-9474-1A3956D46DE8}") = "src", "src", "{2164472C-593D-4A0E-9931-02BF34257947}"
EndProject
Project("{2150E333-8FDC-42A3-9474-1A3956D46DE8}") = "samples", "samples", "{85052220-6EC8-4B98-8B3B-CF98B052B8B3}"
EndProject
Project("{FAE04EC0-301F-11D3-BF4B-00C04F79EFBC}") = "JavaScriptViewEngine", "src\JavaScriptViewEngine\JavaScriptViewEngine.csproj", "{54D2012C-4BBB-4CB8-94D0-0294108B3D5C}"
EndProject
Project("{FAE04EC0-301F-11D3-BF4B-00C04F79EFBC}") = "Samples.MvcCore", "samples\Samples.MvcCore\Samples.MvcCore.csproj", "{4746E760-3FA3-4758-8DB9-A14268015736}"
EndProject
Project("{9A19103F-16F7-4668-BE54-9A1E7A4F7556}") = "JavaScriptViewEngine.Mvc5", "src\JavaScriptViewEngine.Mvc5\JavaScriptViewEngine.Mvc5.csproj", "{B82BDF12-7726-484F-B4C5-422089D872F5}"
EndProject
Project("{FAE04EC0-301F-11D3-BF4B-00C04F79EFBC}") = "Samples.Mvc5", "samples\Samples.Mvc5\Samples.Mvc5.csproj", "{F664DD7B-F56E-47E6-99D1-F81D8CCA7C25}"
EndProject
Global
	GlobalSection(SolutionConfigurationPlatforms) = preSolution
		Debug|Any CPU = Debug|Any CPU
		Debug|x64 = Debug|x64
		Debug|x86 = Debug|x86
		Release|Any CPU = Release|Any CPU
		Release|x64 = Release|x64
		Release|x86 = Release|x86
	EndGlobalSection
	GlobalSection(ProjectConfigurationPlatforms) = postSolution
		{54D2012C-4BBB-4CB8-94D0-0294108B3D5C}.Debug|Any CPU.ActiveCfg = Debug|Any CPU
		{54D2012C-4BBB-4CB8-94D0-0294108B3D5C}.Debug|Any CPU.Build.0 = Debug|Any CPU
		{54D2012C-4BBB-4CB8-94D0-0294108B3D5C}.Debug|x64.ActiveCfg = Debug|x64
		{54D2012C-4BBB-4CB8-94D0-0294108B3D5C}.Debug|x64.Build.0 = Debug|x64
		{54D2012C-4BBB-4CB8-94D0-0294108B3D5C}.Debug|x86.ActiveCfg = Debug|x86
		{54D2012C-4BBB-4CB8-94D0-0294108B3D5C}.Debug|x86.Build.0 = Debug|x86
		{54D2012C-4BBB-4CB8-94D0-0294108B3D5C}.Release|Any CPU.ActiveCfg = Release|Any CPU
		{54D2012C-4BBB-4CB8-94D0-0294108B3D5C}.Release|Any CPU.Build.0 = Release|Any CPU
		{54D2012C-4BBB-4CB8-94D0-0294108B3D5C}.Release|x64.ActiveCfg = Release|x64
		{54D2012C-4BBB-4CB8-94D0-0294108B3D5C}.Release|x64.Build.0 = Release|x64
		{54D2012C-4BBB-4CB8-94D0-0294108B3D5C}.Release|x86.ActiveCfg = Release|x86
		{54D2012C-4BBB-4CB8-94D0-0294108B3D5C}.Release|x86.Build.0 = Release|x86
		{4746E760-3FA3-4758-8DB9-A14268015736}.Debug|Any CPU.ActiveCfg = Debug|Any CPU
		{4746E760-3FA3-4758-8DB9-A14268015736}.Debug|Any CPU.Build.0 = Debug|Any CPU
		{4746E760-3FA3-4758-8DB9-A14268015736}.Debug|x64.ActiveCfg = Debug|x64
		{4746E760-3FA3-4758-8DB9-A14268015736}.Debug|x64.Build.0 = Debug|x64
		{4746E760-3FA3-4758-8DB9-A14268015736}.Debug|x86.ActiveCfg = Debug|x86
		{4746E760-3FA3-4758-8DB9-A14268015736}.Debug|x86.Build.0 = Debug|x86
		{4746E760-3FA3-4758-8DB9-A14268015736}.Release|Any CPU.ActiveCfg = Release|Any CPU
		{4746E760-3FA3-4758-8DB9-A14268015736}.Release|Any CPU.Build.0 = Release|Any CPU
		{4746E760-3FA3-4758-8DB9-A14268015736}.Release|x64.ActiveCfg = Release|x64
		{4746E760-3FA3-4758-8DB9-A14268015736}.Release|x64.Build.0 = Release|x64
		{4746E760-3FA3-4758-8DB9-A14268015736}.Release|x86.ActiveCfg = Release|x86
		{4746E760-3FA3-4758-8DB9-A14268015736}.Release|x86.Build.0 = Release|x86
		{B82BDF12-7726-484F-B4C5-422089D872F5}.Debug|Any CPU.ActiveCfg = Debug|Any CPU
		{B82BDF12-7726-484F-B4C5-422089D872F5}.Debug|Any CPU.Build.0 = Debug|Any CPU
		{B82BDF12-7726-484F-B4C5-422089D872F5}.Debug|x64.ActiveCfg = Debug|x64
		{B82BDF12-7726-484F-B4C5-422089D872F5}.Debug|x64.Build.0 = Debug|x64
		{B82BDF12-7726-484F-B4C5-422089D872F5}.Debug|x86.ActiveCfg = Debug|x86
		{B82BDF12-7726-484F-B4C5-422089D872F5}.Debug|x86.Build.0 = Debug|x86
		{B82BDF12-7726-484F-B4C5-422089D872F5}.Release|Any CPU.ActiveCfg = Release|Any CPU
		{B82BDF12-7726-484F-B4C5-422089D872F5}.Release|Any CPU.Build.0 = Release|Any CPU
		{B82BDF12-7726-484F-B4C5-422089D872F5}.Release|x64.ActiveCfg = Release|x64
		{B82BDF12-7726-484F-B4C5-422089D872F5}.Release|x64.Build.0 = Release|x64
		{B82BDF12-7726-484F-B4C5-422089D872F5}.Release|x86.ActiveCfg = Release|x86
		{B82BDF12-7726-484F-B4C5-422089D872F5}.Release|x86.Build.0 = Release|x86
		{F664DD7B-F56E-47E6-99D1-F81D8CCA7C25}.Debug|Any CPU.ActiveCfg = Debug|Any CPU
		{F664DD7B-F56E-47E6-99D1-F81D8CCA7C25}.Debug|Any CPU.Build.0 = Debug|Any CPU
		{F664DD7B-F56E-47E6-99D1-F81D8CCA7C25}.Debug|x64.ActiveCfg = Debug|Any CPU
		{F664DD7B-F56E-47E6-99D1-F81D8CCA7C25}.Debug|x64.Build.0 = Debug|Any CPU
		{F664DD7B-F56E-47E6-99D1-F81D8CCA7C25}.Debug|x86.ActiveCfg = Debug|Any CPU
		{F664DD7B-F56E-47E6-99D1-F81D8CCA7C25}.Debug|x86.Build.0 = Debug|Any CPU
		{F664DD7B-F56E-47E6-99D1-F81D8CCA7C25}.Release|Any CPU.ActiveCfg = Release|Any CPU
		{F664DD7B-F56E-47E6-99D1-F81D8CCA7C25}.Release|Any CPU.Build.0 = Release|Any CPU
		{F664DD7B-F56E-47E6-99D1-F81D8CCA7C25}.Release|x64.ActiveCfg = Release|Any CPU
		{F664DD7B-F56E-47E6-99D1-F81D8CCA7C25}.Release|x64.Build.0 = Release|Any CPU
		{F664DD7B-F56E-47E6-99D1-F81D8CCA7C25}.Release|x86.ActiveCfg = Release|Any CPU
		{F664DD7B-F56E-47E6-99D1-F81D8CCA7C25}.Release|x86.Build.0 = Release|Any CPU
	EndGlobalSection
	GlobalSection(SolutionProperties) = preSolution
		HideSolutionNode = FALSE
	EndGlobalSection
	GlobalSection(NestedProjects) = preSolution
		{54D2012C-4BBB-4CB8-94D0-0294108B3D5C} = {2164472C-593D-4A0E-9931-02BF34257947}
		{4746E760-3FA3-4758-8DB9-A14268015736} = {85052220-6EC8-4B98-8B3B-CF98B052B8B3}
		{B82BDF12-7726-484F-B4C5-422089D872F5} = {2164472C-593D-4A0E-9931-02BF34257947}
		{F664DD7B-F56E-47E6-99D1-F81D8CCA7C25} = {85052220-6EC8-4B98-8B3B-CF98B052B8B3}
	EndGlobalSection
EndGlobal
